
Microsoft Visual Studio Solution File, Format Version 12.00
# Visual Studio Version 16
VisualStudioVersion = 16.0.30709.132
MinimumVisualStudioVersion = 10.0.40219.1
Project("{FAE04EC0-301F-11D3-BF4B-00C04F79EFBC}") = "Template", "Template\Template.csproj", "{AE1A5E4F-30C9-49DA-B1A4-7A9C51EA737E}"
EndProject
Global
	GlobalSection(SolutionConfigurationPlatforms) = preSolution
		Debug|Any CPU = Debug|Any CPU
		Release|Any CPU = Release|Any CPU
	EndGlobalSection
	GlobalSection(ProjectConfigurationPlatforms) = postSolution
		{AE1A5E4F-30C9-49DA-B1A4-7A9C51EA737E}.Debug|Any CPU.ActiveCfg = Debug|Any CPU
		{AE1A5E4F-30C9-49DA-B1A4-7A9C51EA737E}.Debug|Any CPU.Build.0 = Debug|Any CPU
		{AE1A5E4F-30C9-49DA-B1A4-7A9C51EA737E}.Release|Any CPU.ActiveCfg = Release|Any CPU
		{AE1A5E4F-30C9-49DA-B1A4-7A9C51EA737E}.Release|Any CPU.Build.0 = Release|Any CPU
	EndGlobalSection
	GlobalSection(SolutionProperties) = preSolution
		HideSolutionNode = FALSE
	EndGlobalSection
	GlobalSection(ExtensibilityGlobals) = postSolution
		SolutionGuid = {3618ABEC-BE9A-415A-BC31-CA89A170B337}
	EndGlobalSection
EndGlobal
